
Microsoft Visual Studio Solution File, Format Version 12.00
# Visual Studio Version 17
VisualStudioVersion = 17.11.35303.130
MinimumVisualStudioVersion = 10.0.40219.1
Project("{FAE04EC0-301F-11D3-BF4B-00C04F79EFBC}") = "ChallengeApp2", "ChallengeApp2\ChallengeApp2.csproj", "{010218C1-4515-4D43-A2B2-DA678B6D85BA}"
EndProject
Global
	GlobalSection(SolutionConfigurationPlatforms) = preSolution
		Debug|Any CPU = Debug|Any CPU
		Release|Any CPU = Release|Any CPU
	EndGlobalSection
	GlobalSection(ProjectConfigurationPlatforms) = postSolution
		{010218C1-4515-4D43-A2B2-DA678B6D85BA}.Debug|Any CPU.ActiveCfg = Debug|Any CPU
		{010218C1-4515-4D43-A2B2-DA678B6D85BA}.Debug|Any CPU.Build.0 = Debug|Any CPU
		{010218C1-4515-4D43-A2B2-DA678B6D85BA}.Release|Any CPU.ActiveCfg = Release|Any CPU
		{010218C1-4515-4D43-A2B2-DA678B6D85BA}.Release|Any CPU.Build.0 = Release|Any CPU
	EndGlobalSection
	GlobalSection(SolutionProperties) = preSolution
		HideSolutionNode = FALSE
	EndGlobalSection
	GlobalSection(ExtensibilityGlobals) = postSolution
		SolutionGuid = {E34E9F77-833B-4A22-B8CC-79CD5CD1C699}
	EndGlobalSection
EndGlobal
